
Microsoft Visual Studio Solution File, Format Version 12.00
# Visual Studio Version 17
VisualStudioVersion = 17.5.33209.295
MinimumVisualStudioVersion = 10.0.40219.1
Project("{FAE04EC0-301F-11D3-BF4B-00C04F79EFBC}") = "Foundatio.SampleApp", "Foundatio.SampleApp.csproj", "{2478CF1A-3EC1-44F9-801A-3186A8C6A2E5}"
EndProject
Global
	GlobalSection(SolutionConfigurationPlatforms) = preSolution
		Debug|Any CPU = Debug|Any CPU
		Release|Any CPU = Release|Any CPU
	EndGlobalSection
	GlobalSection(ProjectConfigurationPlatforms) = postSolution
		{2478CF1A-3EC1-44F9-801A-3186A8C6A2E5}.Debug|Any CPU.ActiveCfg = Debug|Any CPU
		{2478CF1A-3EC1-44F9-801A-3186A8C6A2E5}.Debug|Any CPU.Build.0 = Debug|Any CPU
		{2478CF1A-3EC1-44F9-801A-3186A8C6A2E5}.Release|Any CPU.ActiveCfg = Release|Any CPU
		{2478CF1A-3EC1-44F9-801A-3186A8C6A2E5}.Release|Any CPU.Build.0 = Release|Any CPU
	EndGlobalSection
	GlobalSection(SolutionProperties) = preSolution
		HideSolutionNode = FALSE
	EndGlobalSection
	GlobalSection(ExtensibilityGlobals) = postSolution
		SolutionGuid = {C1F09C52-C770-4824-8337-B99873114857}
	EndGlobalSection
EndGlobal
